
Microsoft Visual Studio Solution File, Format Version 12.00
# Visual Studio Version 17
VisualStudioVersion = 17.10.35013.160
MinimumVisualStudioVersion = 10.0.40219.1
Project("{9A19103F-16F7-4668-BE54-9A1E7A4F7556}") = "SistemaInventario", "SistemaInventario\SistemaInventario.csproj", "{1490D4A2-72DC-4B5D-8D70-003579CB8B8A}"
EndProject
Project("{FAE04EC0-301F-11D3-BF4B-00C04F79EFBC}") = "SistemaInventario.AccesoDatos", "SistemaInventario.AccesoDatos\SistemaInventario.AccesoDatos.csproj", "{9E284644-7DE0-4E64-892B-A560FD610CBB}"
EndProject
Project("{FAE04EC0-301F-11D3-BF4B-00C04F79EFBC}") = "SistemaInventario.Modelos", "SistemaInventario.Modelos\SistemaInventario.Modelos.csproj", "{931B4B3F-93A0-49C7-AF22-C171777CD5E4}"
EndProject
Project("{FAE04EC0-301F-11D3-BF4B-00C04F79EFBC}") = "SistemaInventario.Utilidades", "SistemaInventario.Utilidades\SistemaInventario.Utilidades.csproj", "{98DF5CCF-8013-4BD7-9EDB-0151053278B0}"
EndProject
Project("{2150E333-8FDC-42A3-9474-1A3956D46DE8}") = "Solution Items", "Solution Items", "{90C6D323-8D81-4FDE-A145-3B210AF2401E}"
	ProjectSection(SolutionItems) = preProject
		.gitignore = .gitignore
	EndProjectSection
EndProject
Global
	GlobalSection(SolutionConfigurationPlatforms) = preSolution
		Debug|Any CPU = Debug|Any CPU
		Release|Any CPU = Release|Any CPU
	EndGlobalSection
	GlobalSection(ProjectConfigurationPlatforms) = postSolution
		{1490D4A2-72DC-4B5D-8D70-003579CB8B8A}.Debug|Any CPU.ActiveCfg = Debug|Any CPU
		{1490D4A2-72DC-4B5D-8D70-003579CB8B8A}.Debug|Any CPU.Build.0 = Debug|Any CPU
		{1490D4A2-72DC-4B5D-8D70-003579CB8B8A}.Release|Any CPU.ActiveCfg = Release|Any CPU
		{1490D4A2-72DC-4B5D-8D70-003579CB8B8A}.Release|Any CPU.Build.0 = Release|Any CPU
		{9E284644-7DE0-4E64-892B-A560FD610CBB}.Debug|Any CPU.ActiveCfg = Debug|Any CPU
		{9E284644-7DE0-4E64-892B-A560FD610CBB}.Debug|Any CPU.Build.0 = Debug|Any CPU
		{9E284644-7DE0-4E64-892B-A560FD610CBB}.Release|Any CPU.ActiveCfg = Release|Any CPU
		{9E284644-7DE0-4E64-892B-A560FD610CBB}.Release|Any CPU.Build.0 = Release|Any CPU
		{931B4B3F-93A0-49C7-AF22-C171777CD5E4}.Debug|Any CPU.ActiveCfg = Debug|Any CPU
		{931B4B3F-93A0-49C7-AF22-C171777CD5E4}.Debug|Any CPU.Build.0 = Debug|Any CPU
		{931B4B3F-93A0-49C7-AF22-C171777CD5E4}.Release|Any CPU.ActiveCfg = Release|Any CPU
		{931B4B3F-93A0-49C7-AF22-C171777CD5E4}.Release|Any CPU.Build.0 = Release|Any CPU
		{98DF5CCF-8013-4BD7-9EDB-0151053278B0}.Debug|Any CPU.ActiveCfg = Debug|Any CPU
		{98DF5CCF-8013-4BD7-9EDB-0151053278B0}.Debug|Any CPU.Build.0 = Debug|Any CPU
		{98DF5CCF-8013-4BD7-9EDB-0151053278B0}.Release|Any CPU.ActiveCfg = Release|Any CPU
		{98DF5CCF-8013-4BD7-9EDB-0151053278B0}.Release|Any CPU.Build.0 = Release|Any CPU
	EndGlobalSection
	GlobalSection(SolutionProperties) = preSolution
		HideSolutionNode = FALSE
	EndGlobalSection
	GlobalSection(ExtensibilityGlobals) = postSolution
		SolutionGuid = {585374DA-6C15-4290-BE36-EC8AA2858D13}
	EndGlobalSection
EndGlobal
